// !$*UTF8*$!
{
	archiveVersion = 1;
	classes = {
	};
	objectVersion = 46;
	objects = {

/* Begin PBXBuildFile section */
		E9B3FF481DEE6361003E8707 /* main.m in Sources */ = {isa = PBXBuildFile; fileRef = E9B3FF471DEE6361003E8707 /* main.m */; };
		E9B3FF4B1DEE6361003E8707 /* AppDelegate.m in Sources */ = {isa = PBXBuildFile; fileRef = E9B3FF4A1DEE6361003E8707 /* AppDelegate.m */; };
		E9B3FF4E1DEE6361003E8707 /* ViewController.m in Sources */ = {isa = PBXBuildFile; fileRef = E9B3FF4D1DEE6361003E8707 /* ViewController.m */; };
		E9B3FF511DEE6361003E8707 /* Main.storyboard in Resources */ = {isa = PBXBuildFile; fileRef = E9B3FF4F1DEE6361003E8707 /* Main.storyboard */; };
		E9B3FF531DEE6361003E8707 /* Assets.xcassets in Resources */ = {isa = PBXBuildFile; fileRef = E9B3FF521DEE6361003E8707 /* Assets.xcassets */; };
		E9B3FF561DEE6361003E8707 /* LaunchScreen.storyboard in Resources */ = {isa = PBXBuildFile; fileRef = E9B3FF541DEE6361003E8707 /* LaunchScreen.storyboard */; };
		E9B3FF621DEE66FB003E8707 /* XZNavigationController.m in Sources */ = {isa = PBXBuildFile; fileRef = E9B3FF611DEE66FB003E8707 /* XZNavigationController.m */; };
		E9B3FF651DEE6721003E8707 /* XZBaseViewController.m in Sources */ = {isa = PBXBuildFile; fileRef = E9B3FF641DEE6721003E8707 /* XZBaseViewController.m */; };
/* End PBXBuildFile section */

/* Begin PBXFileReference section */
		E9B3FF431DEE6361003E8707 /* XZAnimationsDemo.app */ = {isa = PBXFileReference; explicitFileType = wrapper.application; includeInIndex = 0; path = XZAnimationsDemo.app; sourceTree = BUILT_PRODUCTS_DIR; };
		E9B3FF471DEE6361003E8707 /* main.m */ = {isa = PBXFileReference; lastKnownFileType = sourcecode.c.objc; path = main.m; sourceTree = "<group>"; };
		E9B3FF491DEE6361003E8707 /* AppDelegate.h */ = {isa = PBXFileReference; lastKnownFileType = sourcecode.c.h; path = AppDelegate.h; sourceTree = "<group>"; };
		E9B3FF4A1DEE6361003E8707 /* AppDelegate.m */ = {isa = PBXFileReference; lastKnownFileType = sourcecode.c.objc; path = AppDelegate.m; sourceTree = "<group>"; };
		E9B3FF4C1DEE6361003E8707 /* ViewController.h */ = {isa = PBXFileReference; lastKnownFileType = sourcecode.c.h; path = ViewController.h; sourceTree = "<group>"; };
		E9B3FF4D1DEE6361003E8707 /* ViewController.m */ = {isa = PBXFileReference; lastKnownFileType = sourcecode.c.objc; path = ViewController.m; sourceTree = "<group>"; };
		E9B3FF501DEE6361003E8707 /* Base */ = {isa = PBXFileReference; lastKnownFileType = file.storyboard; name = Base; path = Base.lproj/Main.storyboard; sourceTree = "<group>"; };
		E9B3FF521DEE6361003E8707 /* Assets.xcassets */ = {isa = PBXFileReference; lastKnownFileType = folder.assetcatalog; path = Assets.xcassets; sourceTree = "<group>"; };
		E9B3FF551DEE6361003E8707 /* Base */ = {isa = PBXFileReference; lastKnownFileType = file.storyboard; name = Base; path = Base.lproj/LaunchScreen.storyboard; sourceTree = "<group>"; };
		E9B3FF571DEE6361003E8707 /* Info.plist */ = {isa = PBXFileReference; lastKnownFileType = text.plist.xml; path = Info.plist; sourceTree = "<group>"; };
		E9B3FF601DEE66FB003E8707 /* XZNavigationController.h */ = {isa = PBXFileReference; fileEncoding = 4; lastKnownFileType = sourcecode.c.h; path = XZNavigationController.h; sourceTree = "<group>"; };
		E9B3FF611DEE66FB003E8707 /* XZNavigationController.m */ = {isa = PBXFileReference; fileEncoding = 4; lastKnownFileType = sourcecode.c.objc; path = XZNavigationController.m; sourceTree = "<group>"; };
		E9B3FF631DEE6721003E8707 /* XZBaseViewController.h */ = {isa = PBXFileReference; fileEncoding = 4; lastKnownFileType = sourcecode.c.h; path = XZBaseViewController.h; sourceTree = "<group>"; };
		E9B3FF641DEE6721003E8707 /* XZBaseViewController.m */ = {isa = PBXFileReference; fileEncoding = 4; lastKnownFileType = sourcecode.c.objc; path = XZBaseViewController.m; sourceTree = "<group>"; };
/* End PBXFileReference section */

/* Begin PBXFrameworksBuildPhase section */
		E9B3FF401DEE6361003E8707 /* Frameworks */ = {
			isa = PBXFrameworksBuildPhase;
			buildActionMask = 2147483647;
			files = (
			);
			runOnlyForDeploymentPostprocessing = 0;
		};
/* End PBXFrameworksBuildPhase section */

/* Begin PBXGroup section */
		E9B3FF3A1DEE6361003E8707 = {
			isa = PBXGroup;
			children = (
				E9B3FF451DEE6361003E8707 /* XZAnimationsDemo */,
				E9B3FF441DEE6361003E8707 /* Products */,
			);
			sourceTree = "<group>";
		};
		E9B3FF441DEE6361003E8707 /* Products */ = {
			isa = PBXGroup;
			children = (
				E9B3FF431DEE6361003E8707 /* XZAnimationsDemo.app */,
			);
			name = Products;
			sourceTree = "<group>";
		};
		E9B3FF451DEE6361003E8707 /* XZAnimationsDemo */ = {
			isa = PBXGroup;
			children = (
				E9B3FF5E1DEE6636003E8707 /* Controller */,
				E9B3FF5D1DEE661E003E8707 /* AppDelegate */,
				E9B3FF4C1DEE6361003E8707 /* ViewController.h */,
				E9B3FF4D1DEE6361003E8707 /* ViewController.m */,
				E9B3FF4F1DEE6361003E8707 /* Main.storyboard */,
				E9B3FF521DEE6361003E8707 /* Assets.xcassets */,
				E9B3FF541DEE6361003E8707 /* LaunchScreen.storyboard */,
				E9B3FF571DEE6361003E8707 /* Info.plist */,
				E9B3FF461DEE6361003E8707 /* Supporting Files */,
			);
			path = XZAnimationsDemo;
			sourceTree = "<group>";
		};
		E9B3FF461DEE6361003E8707 /* Supporting Files */ = {
			isa = PBXGroup;
			children = (
				E9B3FF471DEE6361003E8707 /* main.m */,
			);
			name = "Supporting Files";
			sourceTree = "<group>";
		};
		E9B3FF5D1DEE661E003E8707 /* AppDelegate */ = {
			isa = PBXGroup;
			children = (
				E9B3FF491DEE6361003E8707 /* AppDelegate.h */,
				E9B3FF4A1DEE6361003E8707 /* AppDelegate.m */,
			);
			name = AppDelegate;
			sourceTree = "<group>";
		};
		E9B3FF5E1DEE6636003E8707 /* Controller */ = {
			isa = PBXGroup;
			children = (
				E9B3FF5F1DEE6683003E8707 /* CustomControllers */,
			);
			name = Controller;
			sourceTree = "<group>";
		};
		E9B3FF5F1DEE6683003E8707 /* CustomControllers */ = {
			isa = PBXGroup;
			children = (
				E9B3FF601DEE66FB003E8707 /* XZNavigationController.h */,
				E9B3FF611DEE66FB003E8707 /* XZNavigationController.m */,
				E9B3FF631DEE6721003E8707 /* XZBaseViewController.h */,
				E9B3FF641DEE6721003E8707 /* XZBaseViewController.m */,
			);
			name = CustomControllers;
			sourceTree = "<group>";
		};
/* End PBXGroup section */

/* Begin PBXNativeTarget section */
		E9B3FF421DEE6361003E8707 /* XZAnimationsDemo */ = {
			isa = PBXNativeTarget;
			buildConfigurationList = E9B3FF5A1DEE6361003E8707 /* Build configuration list for PBXNativeTarget "XZAnimationsDemo" */;
			buildPhases = (
				E9B3FF3F1DEE6361003E8707 /* Sources */,
				E9B3FF401DEE6361003E8707 /* Frameworks */,
				E9B3FF411DEE6361003E8707 /* Resources */,
			);
			buildRules = (
			);
			dependencies = (
			);
			name = XZAnimationsDemo;
			productName = XZAnimationsDemo;
			productReference = E9B3FF431DEE6361003E8707 /* XZAnimationsDemo.app */;
			productType = "com.apple.product-type.application";
		};
/* End PBXNativeTarget section */

/* Begin PBXProject section */
		E9B3FF3B1DEE6361003E8707 /* Project object */ = {
			isa = PBXProject;
			attributes = {
				LastUpgradeCheck = 0810;
				ORGANIZATIONNAME = "徐章";
				TargetAttributes = {
					E9B3FF421DEE6361003E8707 = {
						CreatedOnToolsVersion = 8.1;
						ProvisioningStyle = Automatic;
					};
				};
			};
			buildConfigurationList = E9B3FF3E1DEE6361003E8707 /* Build configuration list for PBXProject "XZAnimationsDemo" */;
			compatibilityVersion = "Xcode 3.2";
			developmentRegion = English;
			hasScannedForEncodings = 0;
			knownRegions = (
				en,
				Base,
			);
			mainGroup = E9B3FF3A1DEE6361003E8707;
			productRefGroup = E9B3FF441DEE6361003E8707 /* Products */;
			projectDirPath = "";
			projectRoot = "";
			targets = (
				E9B3FF421DEE6361003E8707 /* XZAnimationsDemo */,
			);
		};
/* End PBXProject section */

/* Begin PBXResourcesBuildPhase section */
		E9B3FF411DEE6361003E8707 /* Resources */ = {
			isa = PBXResourcesBuildPhase;
			buildActionMask = 2147483647;
			files = (
				E9B3FF561DEE6361003E8707 /* LaunchScreen.storyboard in Resources */,
				E9B3FF531DEE6361003E8707 /* Assets.xcassets in Resources */,
				E9B3FF511DEE6361003E8707 /* Main.storyboard in Resources */,
			);
			runOnlyForDeploymentPostprocessing = 0;
		};
/* End PBXResourcesBuildPhase section */

/* Begin PBXSourcesBuildPhase section */
		E9B3FF3F1DEE6361003E8707 /* Sources */ = {
			isa = PBXSourcesBuildPhase;
			buildActionMask = 2147483647;
			files = (
				E9B3FF4E1DEE6361003E8707 /* ViewController.m in Sources */,
				E9B3FF621DEE66FB003E8707 /* XZNavigationController.m in Sources */,
				E9B3FF4B1DEE6361003E8707 /* AppDelegate.m in Sources */,
				E9B3FF651DEE6721003E8707 /* XZBaseViewController.m in Sources */,
				E9B3FF481DEE6361003E8707 /* main.m in Sources */,
			);
			runOnlyForDeploymentPostprocessing = 0;
		};
/* End PBXSourcesBuildPhase section */

/* Begin PBXVariantGroup section */
		E9B3FF4F1DEE6361003E8707 /* Main.storyboard */ = {
			isa = PBXVariantGroup;
			children = (
				E9B3FF501DEE6361003E8707 /* Base */,
			);
			name = Main.storyboard;
			sourceTree = "<group>";
		};
		E9B3FF541DEE6361003E8707 /* LaunchScreen.storyboard */ = {
			isa = PBXVariantGroup;
			children = (
				E9B3FF551DEE6361003E8707 /* Base */,
			);
			name = LaunchScreen.storyboard;
			sourceTree = "<group>";
		};
/* End PBXVariantGroup section */

/* Begin XCBuildConfiguration section */
		E9B3FF581DEE6361003E8707 /* Debug */ = {
			isa = XCBuildConfiguration;
			buildSettings = {
				ALWAYS_SEARCH_USER_PATHS = NO;
				CLANG_ANALYZER_NONNULL = YES;
				CLANG_CXX_LANGUAGE_STANDARD = "gnu++0x";
				CLANG_CXX_LIBRARY = "libc++";
				CLANG_ENABLE_MODULES = YES;
				CLANG_ENABLE_OBJC_ARC = YES;
				CLANG_WARN_BOOL_CONVERSION = YES;
				CLANG_WARN_CONSTANT_CONVERSION = YES;
				CLANG_WARN_DIRECT_OBJC_ISA_USAGE = YES_ERROR;
				CLANG_WARN_DOCUMENTATION_COMMENTS = YES;
				CLANG_WARN_EMPTY_BODY = YES;
				CLANG_WARN_ENUM_CONVERSION = YES;
				CLANG_WARN_INFINITE_RECURSION = YES;
				CLANG_WARN_INT_CONVERSION = YES;
				CLANG_WARN_OBJC_ROOT_CLASS = YES_ERROR;
				CLANG_WARN_SUSPICIOUS_MOVES = YES;
				CLANG_WARN_UNREACHABLE_CODE = YES;
				CLANG_WARN__DUPLICATE_METHOD_MATCH = YES;
				"CODE_SIGN_IDENTITY[sdk=iphoneos*]" = "iPhone Developer";
				COPY_PHASE_STRIP = NO;
				DEBUG_INFORMATION_FORMAT = dwarf;
				ENABLE_STRICT_OBJC_MSGSEND = YES;
				ENABLE_TESTABILITY = YES;
				GCC_C_LANGUAGE_STANDARD = gnu99;
				GCC_DYNAMIC_NO_PIC = NO;
				GCC_NO_COMMON_BLOCKS = YES;
				GCC_OPTIMIZATION_LEVEL = 0;
				GCC_PREPROCESSOR_DEFINITIONS = (
					"DEBUG=1",
					"$(inherited)",
				);
				GCC_WARN_64_TO_32_BIT_CONVERSION = YES;
				GCC_WARN_ABOUT_RETURN_TYPE = YES_ERROR;
				GCC_WARN_UNDECLARED_SELECTOR = YES;
				GCC_WARN_UNINITIALIZED_AUTOS = YES_AGGRESSIVE;
				GCC_WARN_UNUSED_FUNCTION = YES;
				GCC_WARN_UNUSED_VARIABLE = YES;
				IPHONEOS_DEPLOYMENT_TARGET = 10.1;
				MTL_ENABLE_DEBUG_INFO = YES;
				ONLY_ACTIVE_ARCH = YES;
				SDKROOT = iphoneos;
			};
			name = Debug;
		};
		E9B3FF591DEE6361003E8707 /* Release */ = {
			isa = XCBuildConfiguration;
			buildSettings = {
				ALWAYS_SEARCH_USER_PATHS = NO;
				CLANG_ANALYZER_NONNULL = YES;
				CLANG_CXX_LANGUAGE_STANDARD = "gnu++0x";
				CLANG_CXX_LIBRARY = "libc++";
				CLANG_ENABLE_MODULES = YES;
				CLANG_ENABLE_OBJC_ARC = YES;
				CLANG_WARN_BOOL_CONVERSION = YES;
				CLANG_WARN_CONSTANT_CONVERSION = YES;
				CLANG_WARN_DIRECT_OBJC_ISA_USAGE = YES_ERROR;
				CLANG_WARN_DOCUMENTATION_COMMENTS = YES;
				CLANG_WARN_EMPTY_BODY = YES;
				CLANG_WARN_ENUM_CONVERSION = YES;
				CLANG_WARN_INFINITE_RECURSION = YES;
				CLANG_WARN_INT_CONVERSION = YES;
				CLANG_WARN_OBJC_ROOT_CLASS = YES_ERROR;
				CLANG_WARN_SUSPICIOUS_MOVES = YES;
				CLANG_WARN_UNREACHABLE_CODE = YES;
				CLANG_WARN__DUPLICATE_METHOD_MATCH = YES;
				"CODE_SIGN_IDENTITY[sdk=iphoneos*]" = "iPhone Developer";
				COPY_PHASE_STRIP = NO;
				DEBUG_INFORMATION_FORMAT = "dwarf-with-dsym";
				ENABLE_NS_ASSERTIONS = NO;
				ENABLE_STRICT_OBJC_MSGSEND = YES;
				GCC_C_LANGUAGE_STANDARD = gnu99;
				GCC_NO_COMMON_BLOCKS = YES;
				GCC_WARN_64_TO_32_BIT_CONVERSION = YES;
				GCC_WARN_ABOUT_RETURN_TYPE = YES_ERROR;
				GCC_WARN_UNDECLARED_SELECTOR = YES;
				GCC_WARN_UNINITIALIZED_AUTOS = YES_AGGRESSIVE;
				GCC_WARN_UNUSED_FUNCTION = YES;
				GCC_WARN_UNUSED_VARIABLE = YES;
				IPHONEOS_DEPLOYMENT_TARGET = 10.1;
				MTL_ENABLE_DEBUG_INFO = NO;
				SDKROOT = iphoneos;
				VALIDATE_PRODUCT = YES;
			};
			name = Release;
		};
		E9B3FF5B1DEE6361003E8707 /* Debug */ = {
			isa = XCBuildConfiguration;
			buildSettings = {
				ASSETCATALOG_COMPILER_APPICON_NAME = AppIcon;
				INFOPLIST_FILE = XZAnimationsDemo/Info.plist;
				LD_RUNPATH_SEARCH_PATHS = "$(inherited) @executable_path/Frameworks";
				PRODUCT_BUNDLE_IDENTIFIER = codeLocker.XZAnimationsDemo;
				PRODUCT_NAME = "$(TARGET_NAME)";
			};
			name = Debug;
		};
		E9B3FF5C1DEE6361003E8707 /* Release */ = {
			isa = XCBuildConfiguration;
			buildSettings = {
				ASSETCATALOG_COMPILER_APPICON_NAME = AppIcon;
				INFOPLIST_FILE = XZAnimationsDemo/Info.plist;
				LD_RUNPATH_SEARCH_PATHS = "$(inherited) @executable_path/Frameworks";
				PRODUCT_BUNDLE_IDENTIFIER = codeLocker.XZAnimationsDemo;
				PRODUCT_NAME = "$(TARGET_NAME)";
			};
			name = Release;
		};
/* End XCBuildConfiguration section */

/* Begin XCConfigurationList section */
		E9B3FF3E1DEE6361003E8707 /* Build configuration list for PBXProject "XZAnimationsDemo" */ = {
			isa = XCConfigurationList;
			buildConfigurations = (
				E9B3FF581DEE6361003E8707 /* Debug */,
				E9B3FF591DEE6361003E8707 /* Release */,
			);
			defaultConfigurationIsVisible = 0;
			defaultConfigurationName = Release;
		};
		E9B3FF5A1DEE6361003E8707 /* Build configuration list for PBXNativeTarget "XZAnimationsDemo" */ = {
			isa = XCConfigurationList;
			buildConfigurations = (
				E9B3FF5B1DEE6361003E8707 /* Debug */,
				E9B3FF5C1DEE6361003E8707 /* Release */,
			);
			defaultConfigurationIsVisible = 0;
		};
/* End XCConfigurationList section */
	};
	rootObject = E9B3FF3B1DEE6361003E8707 /* Project object */;
}
